{
  "name": "@canopy-hq/ghostty-web-demo",
  "version": "0.3.0",
  "lockfileVersion": 3,
  "requires": true,
  "packages": {
    "": {
      "name": "@canopy-hq/ghostty-web-demo",
      "version": "0.3.0",
      "license": "MIT",
      "dependencies": {
        "ghostty-web": "latest",
        "node-pty": "1.2.0-beta.12",
        "ws": "^8.21.0"
      },
      "bin": {
        "ghostty-web-demo": "bin/demo.js"
      }
    },
    "node_modules/ghostty-web": {
      "version": "0.4.0",
      "resolved": "https://registry.npmjs.org/ghostty-web/-/ghostty-web-0.4.0.tgz",
      "integrity": "sha512-0puDBik2qapbD/QQBW9o5ZHfXnZBqZWx/ctBiVtKZ6ZLds4NYb+wZuw1cRLXZk9zYovIQ908z3rvFhexAvc5Hg==",
      "license": "MIT"
    },
    "node_modules/node-addon-api": {
      "version": "7.1.1",
      "resolved": "https://registry.npmjs.org/node-addon-api/-/node-addon-api-7.1.1.tgz",
      "integrity": "sha512-5m3bsyrjFWE1xf7nz7YXdN4udnVtXK6/Yfgn5qnahL6bCkf2yKt4k3nuTKAtT4r3IG8JNR2ncsIMdZuAzJjHQQ==",
      "license": "MIT"
    },
    "node_modules/node-pty": {
      "version": "1.2.0-beta.12",
      "resolved": "https://registry.npmjs.org/node-pty/-/node-pty-1.2.0-beta.12.tgz",
      "integrity": "sha512-uExTCG/4VmSJa4+TjxFwPXv8BfacmfFEBL6JpxCMDghcwqzvD0yTcGmZ1fKOK6HY33tp0CelLblqTECJizc+Yw==",
      "hasInstallScript": true,
      "license": "MIT",
      "dependencies": {
        "node-addon-api": "^7.1.0"
      }
    },
    "node_modules/ws": {
      "version": "8.21.0",
      "resolved": "https://registry.npmjs.org/ws/-/ws-8.21.0.tgz",
      "integrity": "sha512-Vsp28b7DRcimFQvrqu2Wek3z1iYxDCWqHYB8Qsnk/S4RfaCQzPGPyBNuVjJV3cd6UiKtUtp6sNM77gWvzcCH+g==",
      "license": "MIT",
      "engines": {
        "node": ">=10.0.0"
      },
      "peerDependencies": {
        "bufferutil": "^4.0.1",
        "utf-8-validate": ">=5.0.2"
      },
      "peerDependenciesMeta": {
        "bufferutil": {
          "optional": true
        },
        "utf-8-validate": {
          "optional": true
        }
      }
    }
  }
}
